
Microsoft Visual Studio Solution File, Format Version 12.00
# Visual Studio 2012
Project("{FAE04EC0-301F-11D3-BF4B-00C04F79EFBC}") = "RxUIPlayground", "RxUIPlayground\RxUIPlayground.csproj", "{EE57C1A5-EC80-4928-98CD-F8654AD5FC8D}"
EndProject
Project("{FAE04EC0-301F-11D3-BF4B-00C04F79EFBC}") = "RxUIPlayground.Core", "RxUIPlayground.Core\RxUIPlayground.Core.csproj", "{0D0A3997-10A1-414D-8482-28D1C7F51DF9}"
EndProject
Global
	GlobalSection(SolutionConfigurationPlatforms) = preSolution
		Debug|Any CPU = Debug|Any CPU
		Release|Any CPU = Release|Any CPU
	EndGlobalSection
	GlobalSection(ProjectConfigurationPlatforms) = postSolution
		{0D0A3997-10A1-414D-8482-28D1C7F51DF9}.Debug|Any CPU.ActiveCfg = Debug|Any CPU
		{0D0A3997-10A1-414D-8482-28D1C7F51DF9}.Debug|Any CPU.Build.0 = Debug|Any CPU
		{0D0A3997-10A1-414D-8482-28D1C7F51DF9}.Release|Any CPU.ActiveCfg = Release|Any CPU
		{0D0A3997-10A1-414D-8482-28D1C7F51DF9}.Release|Any CPU.Build.0 = Release|Any CPU
		{EE57C1A5-EC80-4928-98CD-F8654AD5FC8D}.Debug|Any CPU.ActiveCfg = Debug|Any CPU
		{EE57C1A5-EC80-4928-98CD-F8654AD5FC8D}.Debug|Any CPU.Build.0 = Debug|Any CPU
		{EE57C1A5-EC80-4928-98CD-F8654AD5FC8D}.Release|Any CPU.ActiveCfg = Release|Any CPU
		{EE57C1A5-EC80-4928-98CD-F8654AD5FC8D}.Release|Any CPU.Build.0 = Release|Any CPU
	EndGlobalSection
EndGlobal
